// !$*UTF8*$!
{
	archiveVersion = 1;
	classes = {
	};
	objectVersion = 50;
	objects = {

/* Begin PBXBuildFile section */
		7F23CBC325F2AC4D006C0992 /* Tests_iOS.swift in Sources */ = {isa = PBXBuildFile; fileRef = 7F23CBC225F2AC4D006C0992 /* Tests_iOS.swift */; };
		7F23CBCE25F2AC4D006C0992 /* Tests_macOS.swift in Sources */ = {isa = PBXBuildFile; fileRef = 7F23CBCD25F2AC4D006C0992 /* Tests_macOS.swift */; };
		7F23CBD025F2AC4D006C0992 /* overlapWithPlotTry2App.swift in Sources */ = {isa = PBXBuildFile; fileRef = 7F23CBA725F2AC42006C0992 /* overlapWithPlotTry2App.swift */; };
		7F23CBD125F2AC4D006C0992 /* overlapWithPlotTry2App.swift in Sources */ = {isa = PBXBuildFile; fileRef = 7F23CBA725F2AC42006C0992 /* overlapWithPlotTry2App.swift */; };
		7F23CBD225F2AC4D006C0992 /* ContentView.swift in Sources */ = {isa = PBXBuildFile; fileRef = 7F23CBA825F2AC42006C0992 /* ContentView.swift */; };
		7F23CBD325F2AC4D006C0992 /* ContentView.swift in Sources */ = {isa = PBXBuildFile; fileRef = 7F23CBA825F2AC42006C0992 /* ContentView.swift */; };
		7F23CBD425F2AC4D006C0992 /* Assets.xcassets in Resources */ = {isa = PBXBuildFile; fileRef = 7F23CBA925F2AC4D006C0992 /* Assets.xcassets */; };
		7F23CBD525F2AC4D006C0992 /* Assets.xcassets in Resources */ = {isa = PBXBuildFile; fileRef = 7F23CBA925F2AC4D006C0992 /* Assets.xcassets */; };
		7F23CBE925F2AC6E006C0992 /* overlapIntegral.swift in Sources */ = {isa = PBXBuildFile; fileRef = 7F23CBE825F2AC6E006C0992 /* overlapIntegral.swift */; };
		7F23CBEA25F2AC6E006C0992 /* overlapIntegral.swift in Sources */ = {isa = PBXBuildFile; fileRef = 7F23CBE825F2AC6E006C0992 /* overlapIntegral.swift */; };
		7F23CBEB25F2AC6E006C0992 /* overlapIntegral.swift in Sources */ = {isa = PBXBuildFile; fileRef = 7F23CBE825F2AC6E006C0992 /* overlapIntegral.swift */; };
		7F23CBEC25F2AC6E006C0992 /* overlapIntegral.swift in Sources */ = {isa = PBXBuildFile; fileRef = 7F23CBE825F2AC6E006C0992 /* overlapIntegral.swift */; };
		7F23CBF625F2B592006C0992 /* BoundingBox.swift in Sources */ = {isa = PBXBuildFile; fileRef = 7F23CBF525F2B592006C0992 /* BoundingBox.swift */; };
		7F23CBF725F2B592006C0992 /* BoundingBox.swift in Sources */ = {isa = PBXBuildFile; fileRef = 7F23CBF525F2B592006C0992 /* BoundingBox.swift */; };
		7F23CBF825F2B592006C0992 /* BoundingBox.swift in Sources */ = {isa = PBXBuildFile; fileRef = 7F23CBF525F2B592006C0992 /* BoundingBox.swift */; };
		7F23CBF925F2B592006C0992 /* BoundingBox.swift in Sources */ = {isa = PBXBuildFile; fileRef = 7F23CBF525F2B592006C0992 /* BoundingBox.swift */; };
/* End PBXBuildFile section */

/* Begin PBXContainerItemProxy section */
		7F23CBBF25F2AC4D006C0992 /* PBXContainerItemProxy */ = {
			isa = PBXContainerItemProxy;
			containerPortal = 7F23CBA225F2AC42006C0992 /* Project object */;
			proxyType = 1;
			remoteGlobalIDString = 7F23CBAD25F2AC4D006C0992;
			remoteInfo = "overlapWithPlotTry2 (iOS)";
		};
		7F23CBCA25F2AC4D006C0992 /* PBXContainerItemProxy */ = {
			isa = PBXContainerItemProxy;
			containerPortal = 7F23CBA225F2AC42006C0992 /* Project object */;
			proxyType = 1;
			remoteGlobalIDString = 7F23CBB525F2AC4D006C0992;
			remoteInfo = "overlapWithPlotTry2 (macOS)";
		};
/* End PBXContainerItemProxy section */

/* Begin PBXFileReference section */
		7F23CBA725F2AC42006C0992 /* overlapWithPlotTry2App.swift */ = {isa = PBXFileReference; lastKnownFileType = sourcecode.swift; path = overlapWithPlotTry2App.swift; sourceTree = "<group>"; };
		7F23CBA825F2AC42006C0992 /* ContentView.swift */ = {isa = PBXFileReference; lastKnownFileType = sourcecode.swift; path = ContentView.swift; sourceTree = "<group>"; };
		7F23CBA925F2AC4D006C0992 /* Assets.xcassets */ = {isa = PBXFileReference; lastKnownFileType = folder.assetcatalog; path = Assets.xcassets; sourceTree = "<group>"; };
		7F23CBAE25F2AC4D006C0992 /* overlapWithPlotTry2.app */ = {isa = PBXFileReference; explicitFileType = wrapper.application; includeInIndex = 0; path = overlapWithPlotTry2.app; sourceTree = BUILT_PRODUCTS_DIR; };
		7F23CBB125F2AC4D006C0992 /* Info.plist */ = {isa = PBXFileReference; lastKnownFileType = text.plist.xml; path = Info.plist; sourceTree = "<group>"; };
		7F23CBB625F2AC4D006C0992 /* overlapWithPlotTry2.app */ = {isa = PBXFileReference; explicitFileType = wrapper.application; includeInIndex = 0; path = overlapWithPlotTry2.app; sourceTree = BUILT_PRODUCTS_DIR; };
		7F23CBB825F2AC4D006C0992 /* Info.plist */ = {isa = PBXFileReference; lastKnownFileType = text.plist.xml; path = Info.plist; sourceTree = "<group>"; };
		7F23CBB925F2AC4D006C0992 /* macOS.entitlements */ = {isa = PBXFileReference; lastKnownFileType = text.plist.entitlements; path = macOS.entitlements; sourceTree = "<group>"; };
		7F23CBBE25F2AC4D006C0992 /* Tests iOS.xctest */ = {isa = PBXFileReference; explicitFileType = wrapper.cfbundle; includeInIndex = 0; path = "Tests iOS.xctest"; sourceTree = BUILT_PRODUCTS_DIR; };
		7F23CBC225F2AC4D006C0992 /* Tests_iOS.swift */ = {isa = PBXFileReference; lastKnownFileType = sourcecode.swift; path = Tests_iOS.swift; sourceTree = "<group>"; };
		7F23CBC425F2AC4D006C0992 /* Info.plist */ = {isa = PBXFileReference; lastKnownFileType = text.plist.xml; path = Info.plist; sourceTree = "<group>"; };
		7F23CBC925F2AC4D006C0992 /* Tests macOS.xctest */ = {isa = PBXFileReference; explicitFileType = wrapper.cfbundle; includeInIndex = 0; path = "Tests macOS.xctest"; sourceTree = BUILT_PRODUCTS_DIR; };
		7F23CBCD25F2AC4D006C0992 /* Tests_macOS.swift */ = {isa = PBXFileReference; lastKnownFileType = sourcecode.swift; path = Tests_macOS.swift; sourceTree = "<group>"; };
		7F23CBCF25F2AC4D006C0992 /* Info.plist */ = {isa = PBXFileReference; lastKnownFileType = text.plist.xml; path = Info.plist; sourceTree = "<group>"; };
		7F23CBE825F2AC6E006C0992 /* overlapIntegral.swift */ = {isa = PBXFileReference; lastKnownFileType = sourcecode.swift; path = overlapIntegral.swift; sourceTree = "<group>"; };
		7F23CBF525F2B592006C0992 /* BoundingBox.swift */ = {isa = PBXFileReference; lastKnownFileType = sourcecode.swift; path = BoundingBox.swift; sourceTree = "<group>"; };
/* End PBXFileReference section */

/* Begin PBXFrameworksBuildPhase section */
		7F23CBAB25F2AC4D006C0992 /* Frameworks */ = {
			isa = PBXFrameworksBuildPhase;
			buildActionMask = 2147483647;
			files = (
			);
			runOnlyForDeploymentPostprocessing = 0;
		};
		7F23CBB325F2AC4D006C0992 /* Frameworks */ = {
			isa = PBXFrameworksBuildPhase;
			buildActionMask = 2147483647;
			files = (
			);
			runOnlyForDeploymentPostprocessing = 0;
		};
		7F23CBBB25F2AC4D006C0992 /* Frameworks */ = {
			isa = PBXFrameworksBuildPhase;
			buildActionMask = 2147483647;
			files = (
			);
			runOnlyForDeploymentPostprocessing = 0;
		};
		7F23CBC625F2AC4D006C0992 /* Frameworks */ = {
			isa = PBXFrameworksBuildPhase;
			buildActionMask = 2147483647;
			files = (
			);
			runOnlyForDeploymentPostprocessing = 0;
		};
/* End PBXFrameworksBuildPhase section */

/* Begin PBXGroup section */
		7F23CBA125F2AC42006C0992 = {
			isa = PBXGroup;
			children = (
				7F23CBA625F2AC42006C0992 /* Shared */,
				7F23CBB025F2AC4D006C0992 /* iOS */,
				7F23CBB725F2AC4D006C0992 /* macOS */,
				7F23CBC125F2AC4D006C0992 /* Tests iOS */,
				7F23CBCC25F2AC4D006C0992 /* Tests macOS */,
				7F23CBAF25F2AC4D006C0992 /* Products */,
			);
			sourceTree = "<group>";
		};
		7F23CBA625F2AC42006C0992 /* Shared */ = {
			isa = PBXGroup;
			children = (
				7F23CBA725F2AC42006C0992 /* overlapWithPlotTry2App.swift */,
				7F23CBA825F2AC42006C0992 /* ContentView.swift */,
				7F23CBA925F2AC4D006C0992 /* Assets.xcassets */,
				7F23CBE825F2AC6E006C0992 /* overlapIntegral.swift */,
				7F23CBF525F2B592006C0992 /* BoundingBox.swift */,
			);
			path = Shared;
			sourceTree = "<group>";
		};
		7F23CBAF25F2AC4D006C0992 /* Products */ = {
			isa = PBXGroup;
			children = (
				7F23CBAE25F2AC4D006C0992 /* overlapWithPlotTry2.app */,
				7F23CBB625F2AC4D006C0992 /* overlapWithPlotTry2.app */,
				7F23CBBE25F2AC4D006C0992 /* Tests iOS.xctest */,
				7F23CBC925F2AC4D006C0992 /* Tests macOS.xctest */,
			);
			name = Products;
			sourceTree = "<group>";
		};
		7F23CBB025F2AC4D006C0992 /* iOS */ = {
			isa = PBXGroup;
			children = (
				7F23CBB125F2AC4D006C0992 /* Info.plist */,
			);
			path = iOS;
			sourceTree = "<group>";
		};
		7F23CBB725F2AC4D006C0992 /* macOS */ = {
			isa = PBXGroup;
			children = (
				7F23CBB825F2AC4D006C0992 /* Info.plist */,
				7F23CBB925F2AC4D006C0992 /* macOS.entitlements */,
			);
			path = macOS;
			sourceTree = "<group>";
		};
		7F23CBC125F2AC4D006C0992 /* Tests iOS */ = {
			isa = PBXGroup;
			children = (
				7F23CBC225F2AC4D006C0992 /* Tests_iOS.swift */,
				7F23CBC425F2AC4D006C0992 /* Info.plist */,
			);
			path = "Tests iOS";
			sourceTree = "<group>";
		};
		7F23CBCC25F2AC4D006C0992 /* Tests macOS */ = {
			isa = PBXGroup;
			children = (
				7F23CBCD25F2AC4D006C0992 /* Tests_macOS.swift */,
				7F23CBCF25F2AC4D006C0992 /* Info.plist */,
			);
			path = "Tests macOS";
			sourceTree = "<group>";
		};
/* End PBXGroup section */

/* Begin PBXNativeTarget section */
		7F23CBAD25F2AC4D006C0992 /* overlapWithPlotTry2 (iOS) */ = {
			isa = PBXNativeTarget;
			buildConfigurationList = 7F23CBD825F2AC4D006C0992 /* Build configuration list for PBXNativeTarget "overlapWithPlotTry2 (iOS)" */;
			buildPhases = (
				7F23CBAA25F2AC4D006C0992 /* Sources */,
				7F23CBAB25F2AC4D006C0992 /* Frameworks */,
				7F23CBAC25F2AC4D006C0992 /* Resources */,
			);
			buildRules = (
			);
			dependencies = (
			);
			name = "overlapWithPlotTry2 (iOS)";
			productName = "overlapWithPlotTry2 (iOS)";
			productReference = 7F23CBAE25F2AC4D006C0992 /* overlapWithPlotTry2.app */;
			productType = "com.apple.product-type.application";
		};
		7F23CBB525F2AC4D006C0992 /* overlapWithPlotTry2 (macOS) */ = {
			isa = PBXNativeTarget;
			buildConfigurationList = 7F23CBDB25F2AC4D006C0992 /* Build configuration list for PBXNativeTarget "overlapWithPlotTry2 (macOS)" */;
			buildPhases = (
				7F23CBB225F2AC4D006C0992 /* Sources */,
				7F23CBB325F2AC4D006C0992 /* Frameworks */,
				7F23CBB425F2AC4D006C0992 /* Resources */,
			);
			buildRules = (
			);
			dependencies = (
			);
			name = "overlapWithPlotTry2 (macOS)";
			productName = "overlapWithPlotTry2 (macOS)";
			productReference = 7F23CBB625F2AC4D006C0992 /* overlapWithPlotTry2.app */;
			productType = "com.apple.product-type.application";
		};
		7F23CBBD25F2AC4D006C0992 /* Tests iOS */ = {
			isa = PBXNativeTarget;
			buildConfigurationList = 7F23CBDE25F2AC4D006C0992 /* Build configuration list for PBXNativeTarget "Tests iOS" */;
			buildPhases = (
				7F23CBBA25F2AC4D006C0992 /* Sources */,
				7F23CBBB25F2AC4D006C0992 /* Frameworks */,
				7F23CBBC25F2AC4D006C0992 /* Resources */,
			);
			buildRules = (
			);
			dependencies = (
				7F23CBC025F2AC4D006C0992 /* PBXTargetDependency */,
			);
			name = "Tests iOS";
			productName = "Tests iOS";
			productReference = 7F23CBBE25F2AC4D006C0992 /* Tests iOS.xctest */;
			productType = "com.apple.product-type.bundle.ui-testing";
		};
		7F23CBC825F2AC4D006C0992 /* Tests macOS */ = {
			isa = PBXNativeTarget;
			buildConfigurationList = 7F23CBE125F2AC4D006C0992 /* Build configuration list for PBXNativeTarget "Tests macOS" */;
			buildPhases = (
				7F23CBC525F2AC4D006C0992 /* Sources */,
				7F23CBC625F2AC4D006C0992 /* Frameworks */,
				7F23CBC725F2AC4D006C0992 /* Resources */,
			);
			buildRules = (
			);
			dependencies = (
				7F23CBCB25F2AC4D006C0992 /* PBXTargetDependency */,
			);
			name = "Tests macOS";
			productName = "Tests macOS";
			productReference = 7F23CBC925F2AC4D006C0992 /* Tests macOS.xctest */;
			productType = "com.apple.product-type.bundle.ui-testing";
		};
/* End PBXNativeTarget section */

/* Begin PBXProject section */
		7F23CBA225F2AC42006C0992 /* Project object */ = {
			isa = PBXProject;
			attributes = {
				LastSwiftUpdateCheck = 1240;
				LastUpgradeCheck = 1240;
				TargetAttributes = {
					7F23CBAD25F2AC4D006C0992 = {
						CreatedOnToolsVersion = 12.4;
					};
					7F23CBB525F2AC4D006C0992 = {
						CreatedOnToolsVersion = 12.4;
					};
					7F23CBBD25F2AC4D006C0992 = {
						CreatedOnToolsVersion = 12.4;
						TestTargetID = 7F23CBAD25F2AC4D006C0992;
					};
					7F23CBC825F2AC4D006C0992 = {
						CreatedOnToolsVersion = 12.4;
						TestTargetID = 7F23CBB525F2AC4D006C0992;
					};
				};
			};
			buildConfigurationList = 7F23CBA525F2AC42006C0992 /* Build configuration list for PBXProject "overlapWithPlotTry2" */;
			compatibilityVersion = "Xcode 9.3";
			developmentRegion = en;
			hasScannedForEncodings = 0;
			knownRegions = (
				en,
				Base,
			);
			mainGroup = 7F23CBA125F2AC42006C0992;
			productRefGroup = 7F23CBAF25F2AC4D006C0992 /* Products */;
			projectDirPath = "";
			projectRoot = "";
			targets = (
				7F23CBAD25F2AC4D006C0992 /* overlapWithPlotTry2 (iOS) */,
				7F23CBB525F2AC4D006C0992 /* overlapWithPlotTry2 (macOS) */,
				7F23CBBD25F2AC4D006C0992 /* Tests iOS */,
				7F23CBC825F2AC4D006C0992 /* Tests macOS */,
			);
		};
/* End PBXProject section */

/* Begin PBXResourcesBuildPhase section */
		7F23CBAC25F2AC4D006C0992 /* Resources */ = {
			isa = PBXResourcesBuildPhase;
			buildActionMask = 2147483647;
			files = (
				7F23CBD425F2AC4D006C0992 /* Assets.xcassets in Resources */,
			);
			runOnlyForDeploymentPostprocessing = 0;
		};
		7F23CBB425F2AC4D006C0992 /* Resources */ = {
			isa = PBXResourcesBuildPhase;
			buildActionMask = 2147483647;
			files = (
				7F23CBD525F2AC4D006C0992 /* Assets.xcassets in Resources */,
			);
			runOnlyForDeploymentPostprocessing = 0;
		};
		7F23CBBC25F2AC4D006C0992 /* Resources */ = {
			isa = PBXResourcesBuildPhase;
			buildActionMask = 2147483647;
			files = (
			);
			runOnlyForDeploymentPostprocessing = 0;
		};
		7F23CBC725F2AC4D006C0992 /* Resources */ = {
			isa = PBXResourcesBuildPhase;
			buildActionMask = 2147483647;
			files = (
			);
			runOnlyForDeploymentPostprocessing = 0;
		};
/* End PBXResourcesBuildPhase section */

/* Begin PBXSourcesBuildPhase section */
		7F23CBAA25F2AC4D006C0992 /* Sources */ = {
			isa = PBXSourcesBuildPhase;
			buildActionMask = 2147483647;
			files = (
				7F23CBD225F2AC4D006C0992 /* ContentView.swift in Sources */,
				7F23CBD025F2AC4D006C0992 /* overlapWithPlotTry2App.swift in Sources */,
				7F23CBE925F2AC6E006C0992 /* overlapIntegral.swift in Sources */,
				7F23CBF625F2B592006C0992 /* BoundingBox.swift in Sources */,
			);
			runOnlyForDeploymentPostprocessing = 0;
		};
		7F23CBB225F2AC4D006C0992 /* Sources */ = {
			isa = PBXSourcesBuildPhase;
			buildActionMask = 2147483647;
			files = (
				7F23CBD325F2AC4D006C0992 /* ContentView.swift in Sources */,
				7F23CBD125F2AC4D006C0992 /* overlapWithPlotTry2App.swift in Sources */,
				7F23CBEA25F2AC6E006C0992 /* overlapIntegral.swift in Sources */,
				7F23CBF725F2B592006C0992 /* BoundingBox.swift in Sources */,
			);
			runOnlyForDeploymentPostprocessing = 0;
		};
		7F23CBBA25F2AC4D006C0992 /* Sources */ = {
			isa = PBXSourcesBuildPhase;
			buildActionMask = 2147483647;
			files = (
				7F23CBF825F2B592006C0992 /* BoundingBox.swift in Sources */,
				7F23CBC325F2AC4D006C0992 /* Tests_iOS.swift in Sources */,
				7F23CBEB25F2AC6E006C0992 /* overlapIntegral.swift in Sources */,
			);
			runOnlyForDeploymentPostprocessing = 0;
		};
		7F23CBC525F2AC4D006C0992 /* Sources */ = {
			isa = PBXSourcesBuildPhase;
			buildActionMask = 2147483647;
			files = (
				7F23CBF925F2B592006C0992 /* BoundingBox.swift in Sources */,
				7F23CBCE25F2AC4D006C0992 /* Tests_macOS.swift in Sources */,
				7F23CBEC25F2AC6E006C0992 /* overlapIntegral.swift in Sources */,
			);
			runOnlyForDeploymentPostprocessing = 0;
		};
/* End PBXSourcesBuildPhase section */

/* Begin PBXTargetDependency section */
		7F23CBC025F2AC4D006C0992 /* PBXTargetDependency */ = {
			isa = PBXTargetDependency;
			target = 7F23CBAD25F2AC4D006C0992 /* overlapWithPlotTry2 (iOS) */;
			targetProxy = 7F23CBBF25F2AC4D006C0992 /* PBXContainerItemProxy */;
		};
		7F23CBCB25F2AC4D006C0992 /* PBXTargetDependency */ = {
			isa = PBXTargetDependency;
			target = 7F23CBB525F2AC4D006C0992 /* overlapWithPlotTry2 (macOS) */;
			targetProxy = 7F23CBCA25F2AC4D006C0992 /* PBXContainerItemProxy */;
		};
/* End PBXTargetDependency section */

/* Begin XCBuildConfiguration section */
		7F23CBD625F2AC4D006C0992 /* Debug */ = {
			isa = XCBuildConfiguration;
			buildSettings = {
				ALWAYS_SEARCH_USER_PATHS = NO;
				CLANG_ANALYZER_NONNULL = YES;
				CLANG_ANALYZER_NUMBER_OBJECT_CONVERSION = YES_AGGRESSIVE;
				CLANG_CXX_LANGUAGE_STANDARD = "gnu++14";
				CLANG_CXX_LIBRARY = "libc++";
				CLANG_ENABLE_MODULES = YES;
				CLANG_ENABLE_OBJC_ARC = YES;
				CLANG_ENABLE_OBJC_WEAK = YES;
				CLANG_WARN_BLOCK_CAPTURE_AUTORELEASING = YES;
				CLANG_WARN_BOOL_CONVERSION = YES;
				CLANG_WARN_COMMA = YES;
				CLANG_WARN_CONSTANT_CONVERSION = YES;
				CLANG_WARN_DEPRECATED_OBJC_IMPLEMENTATIONS = YES;
				CLANG_WARN_DIRECT_OBJC_ISA_USAGE = YES_ERROR;
				CLANG_WARN_DOCUMENTATION_COMMENTS = YES;
				CLANG_WARN_EMPTY_BODY = YES;
				CLANG_WARN_ENUM_CONVERSION = YES;
				CLANG_WARN_INFINITE_RECURSION = YES;
				CLANG_WARN_INT_CONVERSION = YES;
				CLANG_WARN_NON_LITERAL_NULL_CONVERSION = YES;
				CLANG_WARN_OBJC_IMPLICIT_RETAIN_SELF = YES;
				CLANG_WARN_OBJC_LITERAL_CONVERSION = YES;
				CLANG_WARN_OBJC_ROOT_CLASS = YES_ERROR;
				CLANG_WARN_QUOTED_INCLUDE_IN_FRAMEWORK_HEADER = YES;
				CLANG_WARN_RANGE_LOOP_ANALYSIS = YES;
				CLANG_WARN_STRICT_PROTOTYPES = YES;
				CLANG_WARN_SUSPICIOUS_MOVE = YES;
				CLANG_WARN_UNGUARDED_AVAILABILITY = YES_AGGRESSIVE;
				CLANG_WARN_UNREACHABLE_CODE = YES;
				CLANG_WARN__DUPLICATE_METHOD_MATCH = YES;
				COPY_PHASE_STRIP = NO;
				DEBUG_INFORMATION_FORMAT = dwarf;
				ENABLE_STRICT_OBJC_MSGSEND = YES;
				ENABLE_TESTABILITY = YES;
				GCC_C_LANGUAGE_STANDARD = gnu11;
				GCC_DYNAMIC_NO_PIC = NO;
				GCC_NO_COMMON_BLOCKS = YES;
				GCC_OPTIMIZATION_LEVEL = 0;
				GCC_PREPROCESSOR_DEFINITIONS = (
					"DEBUG=1",
					"$(inherited)",
				);
				GCC_WARN_64_TO_32_BIT_CONVERSION = YES;
				GCC_WARN_ABOUT_RETURN_TYPE = YES_ERROR;
				GCC_WARN_UNDECLARED_SELECTOR = YES;
				GCC_WARN_UNINITIALIZED_AUTOS = YES_AGGRESSIVE;
				GCC_WARN_UNUSED_FUNCTION = YES;
				GCC_WARN_UNUSED_VARIABLE = YES;
				MTL_ENABLE_DEBUG_INFO = INCLUDE_SOURCE;
				MTL_FAST_MATH = YES;
				ONLY_ACTIVE_ARCH = YES;
				SWIFT_ACTIVE_COMPILATION_CONDITIONS = DEBUG;
				SWIFT_OPTIMIZATION_LEVEL = "-Onone";
			};
			name = Debug;
		};
		7F23CBD725F2AC4D006C0992 /* Release */ = {
			isa = XCBuildConfiguration;
			buildSettings = {
				ALWAYS_SEARCH_USER_PATHS = NO;
				CLANG_ANALYZER_NONNULL = YES;
				CLANG_ANALYZER_NUMBER_OBJECT_CONVERSION = YES_AGGRESSIVE;
				CLANG_CXX_LANGUAGE_STANDARD = "gnu++14";
				CLANG_CXX_LIBRARY = "libc++";
				CLANG_ENABLE_MODULES = YES;
				CLANG_ENABLE_OBJC_ARC = YES;
				CLANG_ENABLE_OBJC_WEAK = YES;
				CLANG_WARN_BLOCK_CAPTURE_AUTORELEASING = YES;
				CLANG_WARN_BOOL_CONVERSION = YES;
				CLANG_WARN_COMMA = YES;
				CLANG_WARN_CONSTANT_CONVERSION = YES;
				CLANG_WARN_DEPRECATED_OBJC_IMPLEMENTATIONS = YES;
				CLANG_WARN_DIRECT_OBJC_ISA_USAGE = YES_ERROR;
				CLANG_WARN_DOCUMENTATION_COMMENTS = YES;
				CLANG_WARN_EMPTY_BODY = YES;
				CLANG_WARN_ENUM_CONVERSION = YES;
				CLANG_WARN_INFINITE_RECURSION = YES;
				CLANG_WARN_INT_CONVERSION = YES;
				CLANG_WARN_NON_LITERAL_NULL_CONVERSION = YES;
				CLANG_WARN_OBJC_IMPLICIT_RETAIN_SELF = YES;
				CLANG_WARN_OBJC_LITERAL_CONVERSION = YES;
				CLANG_WARN_OBJC_ROOT_CLASS = YES_ERROR;
				CLANG_WARN_QUOTED_INCLUDE_IN_FRAMEWORK_HEADER = YES;
				CLANG_WARN_RANGE_LOOP_ANALYSIS = YES;
				CLANG_WARN_STRICT_PROTOTYPES = YES;
				CLANG_WARN_SUSPICIOUS_MOVE = YES;
				CLANG_WARN_UNGUARDED_AVAILABILITY = YES_AGGRESSIVE;
				CLANG_WARN_UNREACHABLE_CODE = YES;
				CLANG_WARN__DUPLICATE_METHOD_MATCH = YES;
				COPY_PHASE_STRIP = NO;
				DEBUG_INFORMATION_FORMAT = "dwarf-with-dsym";
				ENABLE_NS_ASSERTIONS = NO;
				ENABLE_STRICT_OBJC_MSGSEND = YES;
				GCC_C_LANGUAGE_STANDARD = gnu11;
				GCC_NO_COMMON_BLOCKS = YES;
				GCC_WARN_64_TO_32_BIT_CONVERSION = YES;
				GCC_WARN_ABOUT_RETURN_TYPE = YES_ERROR;
				GCC_WARN_UNDECLARED_SELECTOR = YES;
				GCC_WARN_UNINITIALIZED_AUTOS = YES_AGGRESSIVE;
				GCC_WARN_UNUSED_FUNCTION = YES;
				GCC_WARN_UNUSED_VARIABLE = YES;
				MTL_ENABLE_DEBUG_INFO = NO;
				MTL_FAST_MATH = YES;
				SWIFT_COMPILATION_MODE = wholemodule;
				SWIFT_OPTIMIZATION_LEVEL = "-O";
			};
			name = Release;
		};
		7F23CBD925F2AC4D006C0992 /* Debug */ = {
			isa = XCBuildConfiguration;
			buildSettings = {
				ASSETCATALOG_COMPILER_APPICON_NAME = AppIcon;
				ASSETCATALOG_COMPILER_GLOBAL_ACCENT_COLOR_NAME = AccentColor;
				CODE_SIGN_STYLE = Automatic;
				DEVELOPMENT_TEAM = 3FRW7Z34LU;
				ENABLE_PREVIEWS = YES;
				INFOPLIST_FILE = iOS/Info.plist;
				IPHONEOS_DEPLOYMENT_TARGET = 14.0;
				LD_RUNPATH_SEARCH_PATHS = (
					"$(inherited)",
					"@executable_path/Frameworks",
				);
				PRODUCT_BUNDLE_IDENTIFIER = com.MAiit.overlapWithPlotTry2;
				PRODUCT_NAME = overlapWithPlotTry2;
				SDKROOT = iphoneos;
				SWIFT_VERSION = 5.0;
				TARGETED_DEVICE_FAMILY = "1,2";
			};
			name = Debug;
		};
		7F23CBDA25F2AC4D006C0992 /* Release */ = {
			isa = XCBuildConfiguration;
			buildSettings = {
				ASSETCATALOG_COMPILER_APPICON_NAME = AppIcon;
				ASSETCATALOG_COMPILER_GLOBAL_ACCENT_COLOR_NAME = AccentColor;
				CODE_SIGN_STYLE = Automatic;
				DEVELOPMENT_TEAM = 3FRW7Z34LU;
				ENABLE_PREVIEWS = YES;
				INFOPLIST_FILE = iOS/Info.plist;
				IPHONEOS_DEPLOYMENT_TARGET = 14.0;
				LD_RUNPATH_SEARCH_PATHS = (
					"$(inherited)",
					"@executable_path/Frameworks",
				);
				PRODUCT_BUNDLE_IDENTIFIER = com.MAiit.overlapWithPlotTry2;
				PRODUCT_NAME = overlapWithPlotTry2;
				SDKROOT = iphoneos;
				SWIFT_VERSION = 5.0;
				TARGETED_DEVICE_FAMILY = "1,2";
				VALIDATE_PRODUCT = YES;
			};
			name = Release;
		};
		7F23CBDC25F2AC4D006C0992 /* Debug */ = {
			isa = XCBuildConfiguration;
			buildSettings = {
				ASSETCATALOG_COMPILER_APPICON_NAME = AppIcon;
				ASSETCATALOG_COMPILER_GLOBAL_ACCENT_COLOR_NAME = AccentColor;
				CODE_SIGN_ENTITLEMENTS = macOS/macOS.entitlements;
				CODE_SIGN_STYLE = Automatic;
				COMBINE_HIDPI_IMAGES = YES;
				DEVELOPMENT_TEAM = 3FRW7Z34LU;
				ENABLE_HARDENED_RUNTIME = YES;
				ENABLE_PREVIEWS = YES;
				INFOPLIST_FILE = macOS/Info.plist;
				LD_RUNPATH_SEARCH_PATHS = (
					"$(inherited)",
					"@executable_path/../Frameworks",
				);
				MACOSX_DEPLOYMENT_TARGET = 11.0;
				PRODUCT_BUNDLE_IDENTIFIER = com.MAiit.overlapWithPlotTry2;
				PRODUCT_NAME = overlapWithPlotTry2;
				SDKROOT = macosx;
				SWIFT_VERSION = 5.0;
			};
			name = Debug;
		};
		7F23CBDD25F2AC4D006C0992 /* Release */ = {
			isa = XCBuildConfiguration;
			buildSettings = {
				ASSETCATALOG_COMPILER_APPICON_NAME = AppIcon;
				ASSETCATALOG_COMPILER_GLOBAL_ACCENT_COLOR_NAME = AccentColor;
				CODE_SIGN_ENTITLEMENTS = macOS/macOS.entitlements;
				CODE_SIGN_STYLE = Automatic;
				COMBINE_HIDPI_IMAGES = YES;
				DEVELOPMENT_TEAM = 3FRW7Z34LU;
				ENABLE_HARDENED_RUNTIME = YES;
				ENABLE_PREVIEWS = YES;
				INFOPLIST_FILE = macOS/Info.plist;
				LD_RUNPATH_SEARCH_PATHS = (
					"$(inherited)",
					"@executable_path/../Frameworks",
				);
				MACOSX_DEPLOYMENT_TARGET = 11.0;
				PRODUCT_BUNDLE_IDENTIFIER = com.MAiit.overlapWithPlotTry2;
				PRODUCT_NAME = overlapWithPlotTry2;
				SDKROOT = macosx;
				SWIFT_VERSION = 5.0;
			};
			name = Release;
		};
		7F23CBDF25F2AC4D006C0992 /* Debug */ = {
			isa = XCBuildConfiguration;
			buildSettings = {
				ALWAYS_EMBED_SWIFT_STANDARD_LIBRARIES = YES;
				CODE_SIGN_STYLE = Automatic;
				DEVELOPMENT_TEAM = 3FRW7Z34LU;
				INFOPLIST_FILE = "Tests iOS/Info.plist";
				IPHONEOS_DEPLOYMENT_TARGET = 14.4;
				LD_RUNPATH_SEARCH_PATHS = (
					"$(inherited)",
					"@executable_path/Frameworks",
					"@loader_path/Frameworks",
				);
				PRODUCT_BUNDLE_IDENTIFIER = "com.MAiit.Tests-iOS";
				PRODUCT_NAME = "$(TARGET_NAME)";
				SDKROOT = iphoneos;
				SWIFT_VERSION = 5.0;
				TARGETED_DEVICE_FAMILY = "1,2";
				TEST_TARGET_NAME = "overlapWithPlotTry2 (iOS)";
			};
			name = Debug;
		};
		7F23CBE025F2AC4D006C0992 /* Release */ = {
			isa = XCBuildConfiguration;
			buildSettings = {
				ALWAYS_EMBED_SWIFT_STANDARD_LIBRARIES = YES;
				CODE_SIGN_STYLE = Automatic;
				DEVELOPMENT_TEAM = 3FRW7Z34LU;
				INFOPLIST_FILE = "Tests iOS/Info.plist";
				IPHONEOS_DEPLOYMENT_TARGET = 14.4;
				LD_RUNPATH_SEARCH_PATHS = (
					"$(inherited)",
					"@executable_path/Frameworks",
					"@loader_path/Frameworks",
				);
				PRODUCT_BUNDLE_IDENTIFIER = "com.MAiit.Tests-iOS";
				PRODUCT_NAME = "$(TARGET_NAME)";
				SDKROOT = iphoneos;
				SWIFT_VERSION = 5.0;
				TARGETED_DEVICE_FAMILY = "1,2";
				TEST_TARGET_NAME = "overlapWithPlotTry2 (iOS)";
				VALIDATE_PRODUCT = YES;
			};
			name = Release;
		};
		7F23CBE225F2AC4D006C0992 /* Debug */ = {
			isa = XCBuildConfiguration;
			buildSettings = {
				ALWAYS_EMBED_SWIFT_STANDARD_LIBRARIES = YES;
				CODE_SIGN_STYLE = Automatic;
				COMBINE_HIDPI_IMAGES = YES;
				DEVELOPMENT_TEAM = 3FRW7Z34LU;
				INFOPLIST_FILE = "Tests macOS/Info.plist";
				LD_RUNPATH_SEARCH_PATHS = (
					"$(inherited)",
					"@executable_path/../Frameworks",
					"@loader_path/../Frameworks",
				);
				MACOSX_DEPLOYMENT_TARGET = 11.1;
				PRODUCT_BUNDLE_IDENTIFIER = "com.MAiit.Tests-macOS";
				PRODUCT_NAME = "$(TARGET_NAME)";
				SDKROOT = macosx;
				SWIFT_VERSION = 5.0;
				TEST_TARGET_NAME = "overlapWithPlotTry2 (macOS)";
			};
			name = Debug;
		};
		7F23CBE325F2AC4D006C0992 /* Release */ = {
			isa = XCBuildConfiguration;
			buildSettings = {
				ALWAYS_EMBED_SWIFT_STANDARD_LIBRARIES = YES;
				CODE_SIGN_STYLE = Automatic;
				COMBINE_HIDPI_IMAGES = YES;
				DEVELOPMENT_TEAM = 3FRW7Z34LU;
				INFOPLIST_FILE = "Tests macOS/Info.plist";
				LD_RUNPATH_SEARCH_PATHS = (
					"$(inherited)",
					"@executable_path/../Frameworks",
					"@loader_path/../Frameworks",
				);
				MACOSX_DEPLOYMENT_TARGET = 11.1;
				PRODUCT_BUNDLE_IDENTIFIER = "com.MAiit.Tests-macOS";
				PRODUCT_NAME = "$(TARGET_NAME)";
				SDKROOT = macosx;
				SWIFT_VERSION = 5.0;
				TEST_TARGET_NAME = "overlapWithPlotTry2 (macOS)";
			};
			name = Release;
		};
/* End XCBuildConfiguration section */

/* Begin XCConfigurationList section */
		7F23CBA525F2AC42006C0992 /* Build configuration list for PBXProject "overlapWithPlotTry2" */ = {
			isa = XCConfigurationList;
			buildConfigurations = (
				7F23CBD625F2AC4D006C0992 /* Debug */,
				7F23CBD725F2AC4D006C0992 /* Release */,
			);
			defaultConfigurationIsVisible = 0;
			defaultConfigurationName = Release;
		};
		7F23CBD825F2AC4D006C0992 /* Build configuration list for PBXNativeTarget "overlapWithPlotTry2 (iOS)" */ = {
			isa = XCConfigurationList;
			buildConfigurations = (
				7F23CBD925F2AC4D006C0992 /* Debug */,
				7F23CBDA25F2AC4D006C0992 /* Release */,
			);
			defaultConfigurationIsVisible = 0;
			defaultConfigurationName = Release;
		};
		7F23CBDB25F2AC4D006C0992 /* Build configuration list for PBXNativeTarget "overlapWithPlotTry2 (macOS)" */ = {
			isa = XCConfigurationList;
			buildConfigurations = (
				7F23CBDC25F2AC4D006C0992 /* Debug */,
				7F23CBDD25F2AC4D006C0992 /* Release */,
			);
			defaultConfigurationIsVisible = 0;
			defaultConfigurationName = Release;
		};
		7F23CBDE25F2AC4D006C0992 /* Build configuration list for PBXNativeTarget "Tests iOS" */ = {
			isa = XCConfigurationList;
			buildConfigurations = (
				7F23CBDF25F2AC4D006C0992 /* Debug */,
				7F23CBE025F2AC4D006C0992 /* Release */,
			);
			defaultConfigurationIsVisible = 0;
			defaultConfigurationName = Release;
		};
		7F23CBE125F2AC4D006C0992 /* Build configuration list for PBXNativeTarget "Tests macOS" */ = {
			isa = XCConfigurationList;
			buildConfigurations = (
				7F23CBE225F2AC4D006C0992 /* Debug */,
				7F23CBE325F2AC4D006C0992 /* Release */,
			);
			defaultConfigurationIsVisible = 0;
			defaultConfigurationName = Release;
		};
/* End XCConfigurationList section */
	};
	rootObject = 7F23CBA225F2AC42006C0992 /* Project object */;
}
